
Microsoft Visual Studio Solution File, Format Version 12.00
# Visual Studio Version 16
VisualStudioVersion = 16.0.29613.14
MinimumVisualStudioVersion = 10.0.40219.1
Project("{FAE04EC0-301F-11D3-BF4B-00C04F79EFBC}") = "Amoria", "Test_Client\Amoria.csproj", "{77154B15-AC18-421A-8573-1D3DCEF2639B}"
EndProject
Global
	GlobalSection(SolutionConfigurationPlatforms) = preSolution
		Debug|Any CPU = Debug|Any CPU
		Release|Any CPU = Release|Any CPU
	EndGlobalSection
	GlobalSection(ProjectConfigurationPlatforms) = postSolution
		{77154B15-AC18-421A-8573-1D3DCEF2639B}.Debug|Any CPU.ActiveCfg = Debug|Any CPU
		{77154B15-AC18-421A-8573-1D3DCEF2639B}.Debug|Any CPU.Build.0 = Debug|Any CPU
		{77154B15-AC18-421A-8573-1D3DCEF2639B}.Release|Any CPU.ActiveCfg = Release|Any CPU
		{77154B15-AC18-421A-8573-1D3DCEF2639B}.Release|Any CPU.Build.0 = Release|Any CPU
	EndGlobalSection
	GlobalSection(SolutionProperties) = preSolution
		HideSolutionNode = FALSE
	EndGlobalSection
	GlobalSection(ExtensibilityGlobals) = postSolution
		SolutionGuid = {93FFA812-0CD8-47E9-88D4-B7BD4FFC0F9D}
	EndGlobalSection
EndGlobal
